
Microsoft Visual Studio Solution File, Format Version 12.00
# Visual Studio Version 17
VisualStudioVersion = 17.2.32616.157
MinimumVisualStudioVersion = 10.0.40219.1
Project("{9A19103F-16F7-4668-BE54-9A1E7A4F7556}") = "TestCoreHosted.Server", "Server\TestCoreHosted.Server.csproj", "{A103F4DB-48B4-45B6-BE91-AB6E2C4B9CF0}"
EndProject
Project("{9A19103F-16F7-4668-BE54-9A1E7A4F7556}") = "TestCoreHosted.Client", "Client\TestCoreHosted.Client.csproj", "{4CC0387C-FC3B-4E93-8E13-CBC5D535AC7F}"
EndProject
Project("{9A19103F-16F7-4668-BE54-9A1E7A4F7556}") = "TestCoreHosted.Shared", "Shared\TestCoreHosted.Shared.csproj", "{4F5F0F7E-5CF6-42EC-879C-63E5246CF328}"
EndProject
Global
	GlobalSection(SolutionConfigurationPlatforms) = preSolution
		Debug|Any CPU = Debug|Any CPU
		Release|Any CPU = Release|Any CPU
	EndGlobalSection
	GlobalSection(ProjectConfigurationPlatforms) = postSolution
		{A103F4DB-48B4-45B6-BE91-AB6E2C4B9CF0}.Debug|Any CPU.ActiveCfg = Debug|Any CPU
		{A103F4DB-48B4-45B6-BE91-AB6E2C4B9CF0}.Debug|Any CPU.Build.0 = Debug|Any CPU
		{A103F4DB-48B4-45B6-BE91-AB6E2C4B9CF0}.Release|Any CPU.ActiveCfg = Release|Any CPU
		{A103F4DB-48B4-45B6-BE91-AB6E2C4B9CF0}.Release|Any CPU.Build.0 = Release|Any CPU
		{4CC0387C-FC3B-4E93-8E13-CBC5D535AC7F}.Debug|Any CPU.ActiveCfg = Debug|Any CPU
		{4CC0387C-FC3B-4E93-8E13-CBC5D535AC7F}.Debug|Any CPU.Build.0 = Debug|Any CPU
		{4CC0387C-FC3B-4E93-8E13-CBC5D535AC7F}.Release|Any CPU.ActiveCfg = Release|Any CPU
		{4CC0387C-FC3B-4E93-8E13-CBC5D535AC7F}.Release|Any CPU.Build.0 = Release|Any CPU
		{4F5F0F7E-5CF6-42EC-879C-63E5246CF328}.Debug|Any CPU.ActiveCfg = Debug|Any CPU
		{4F5F0F7E-5CF6-42EC-879C-63E5246CF328}.Debug|Any CPU.Build.0 = Debug|Any CPU
		{4F5F0F7E-5CF6-42EC-879C-63E5246CF328}.Release|Any CPU.ActiveCfg = Release|Any CPU
		{4F5F0F7E-5CF6-42EC-879C-63E5246CF328}.Release|Any CPU.Build.0 = Release|Any CPU
	EndGlobalSection
	GlobalSection(SolutionProperties) = preSolution
		HideSolutionNode = FALSE
	EndGlobalSection
	GlobalSection(ExtensibilityGlobals) = postSolution
		SolutionGuid = {FBC636BF-4EB0-4A57-B0AF-811699409A6A}
	EndGlobalSection
EndGlobal
